
Microsoft Visual Studio Solution File, Format Version 12.00
# Visual Studio Version 17
VisualStudioVersion = 17.2.32630.192
MinimumVisualStudioVersion = 10.0.40219.1
Project("{FAE04EC0-301F-11D3-BF4B-00C04F79EFBC}") = "BeshyApp", "BeshieApp\BeshyApp.csproj", "{367B672E-C50B-46F1-AE75-6F2800A8B572}"
EndProject
Global
	GlobalSection(SolutionConfigurationPlatforms) = preSolution
		Debug|Any CPU = Debug|Any CPU
		Release|Any CPU = Release|Any CPU
	EndGlobalSection
	GlobalSection(ProjectConfigurationPlatforms) = postSolution
		{367B672E-C50B-46F1-AE75-6F2800A8B572}.Debug|Any CPU.ActiveCfg = Debug|Any CPU
		{367B672E-C50B-46F1-AE75-6F2800A8B572}.Debug|Any CPU.Build.0 = Debug|Any CPU
		{367B672E-C50B-46F1-AE75-6F2800A8B572}.Release|Any CPU.ActiveCfg = Release|Any CPU
		{367B672E-C50B-46F1-AE75-6F2800A8B572}.Release|Any CPU.Build.0 = Release|Any CPU
	EndGlobalSection
	GlobalSection(SolutionProperties) = preSolution
		HideSolutionNode = FALSE
	EndGlobalSection
	GlobalSection(ExtensibilityGlobals) = postSolution
		SolutionGuid = {78B908E7-5FE6-46C1-BABA-CBB49506DF11}
	EndGlobalSection
EndGlobal
